
Microsoft Visual Studio Solution File, Format Version 12.00
# Visual Studio Version 16
VisualStudioVersion = 16.0.31729.503
MinimumVisualStudioVersion = 10.0.40219.1
Project("{FAE04EC0-301F-11D3-BF4B-00C04F79EFBC}") = "PetPass", "PetPass\PetPass.csproj", "{8BC5C3D2-5FD4-4B25-88E0-673EEAF86D74}"
EndProject
Global
	GlobalSection(SolutionConfigurationPlatforms) = preSolution
		Debug|Any CPU = Debug|Any CPU
		Release|Any CPU = Release|Any CPU
	EndGlobalSection
	GlobalSection(ProjectConfigurationPlatforms) = postSolution
		{8BC5C3D2-5FD4-4B25-88E0-673EEAF86D74}.Debug|Any CPU.ActiveCfg = Debug|Any CPU
		{8BC5C3D2-5FD4-4B25-88E0-673EEAF86D74}.Debug|Any CPU.Build.0 = Debug|Any CPU
		{8BC5C3D2-5FD4-4B25-88E0-673EEAF86D74}.Release|Any CPU.ActiveCfg = Release|Any CPU
		{8BC5C3D2-5FD4-4B25-88E0-673EEAF86D74}.Release|Any CPU.Build.0 = Release|Any CPU
	EndGlobalSection
	GlobalSection(SolutionProperties) = preSolution
		HideSolutionNode = FALSE
	EndGlobalSection
	GlobalSection(ExtensibilityGlobals) = postSolution
		SolutionGuid = {C9DA7690-954B-4F54-81CF-FB81E975B863}
	EndGlobalSection
EndGlobal
